
Microsoft Visual Studio Solution File, Format Version 12.00
# Visual Studio 15
Project("{FAE04EC0-301F-11D3-BF4B-00C04F79EFBC}") = "ARBook", "ARBook.csproj", "{BE2A7A84-95F3-4DEC-44B5-F373D24D772D}"
EndProject
Project("{FAE04EC0-301F-11D3-BF4B-00C04F79EFBC}") = "ARBook.Plugins", "ARBook.Plugins.csproj", "{8D6986CF-23CD-C370-9D59-B3035C66A9E8}"
EndProject
Project("{FAE04EC0-301F-11D3-BF4B-00C04F79EFBC}") = "ARBook.Editor", "ARBook.Editor.csproj", "{F959F1D7-B39E-B58B-5B43-F61C9026C9C9}"
EndProject
Project("{FAE04EC0-301F-11D3-BF4B-00C04F79EFBC}") = "ARBook.Editor.Plugins", "ARBook.Editor.Plugins.csproj", "{D0407E22-6E22-423D-DCE5-7A663743EB7E}"
EndProject
Global
	GlobalSection(SolutionConfigurationPlatforms) = preSolution
		Debug|Any CPU = Debug|Any CPU
		Release|Any CPU = Release|Any CPU
	EndGlobalSection
	GlobalSection(ProjectConfigurationPlatforms) = postSolution
		{BE2A7A84-95F3-4DEC-44B5-F373D24D772D}.Debug|Any CPU.ActiveCfg = Debug|Any CPU
		{BE2A7A84-95F3-4DEC-44B5-F373D24D772D}.Debug|Any CPU.Build.0 = Debug|Any CPU
		{BE2A7A84-95F3-4DEC-44B5-F373D24D772D}.Release|Any CPU.ActiveCfg = Release|Any CPU
		{BE2A7A84-95F3-4DEC-44B5-F373D24D772D}.Release|Any CPU.Build.0 = Release|Any CPU
		{8D6986CF-23CD-C370-9D59-B3035C66A9E8}.Debug|Any CPU.ActiveCfg = Debug|Any CPU
		{8D6986CF-23CD-C370-9D59-B3035C66A9E8}.Debug|Any CPU.Build.0 = Debug|Any CPU
		{8D6986CF-23CD-C370-9D59-B3035C66A9E8}.Release|Any CPU.ActiveCfg = Release|Any CPU
		{8D6986CF-23CD-C370-9D59-B3035C66A9E8}.Release|Any CPU.Build.0 = Release|Any CPU
		{F959F1D7-B39E-B58B-5B43-F61C9026C9C9}.Debug|Any CPU.ActiveCfg = Debug|Any CPU
		{F959F1D7-B39E-B58B-5B43-F61C9026C9C9}.Debug|Any CPU.Build.0 = Debug|Any CPU
		{F959F1D7-B39E-B58B-5B43-F61C9026C9C9}.Release|Any CPU.ActiveCfg = Release|Any CPU
		{F959F1D7-B39E-B58B-5B43-F61C9026C9C9}.Release|Any CPU.Build.0 = Release|Any CPU
		{D0407E22-6E22-423D-DCE5-7A663743EB7E}.Debug|Any CPU.ActiveCfg = Debug|Any CPU
		{D0407E22-6E22-423D-DCE5-7A663743EB7E}.Debug|Any CPU.Build.0 = Debug|Any CPU
		{D0407E22-6E22-423D-DCE5-7A663743EB7E}.Release|Any CPU.ActiveCfg = Release|Any CPU
		{D0407E22-6E22-423D-DCE5-7A663743EB7E}.Release|Any CPU.Build.0 = Release|Any CPU
	EndGlobalSection
	GlobalSection(SolutionProperties) = preSolution
		HideSolutionNode = FALSE
	EndGlobalSection
EndGlobal
