
Microsoft Visual Studio Solution File, Format Version 12.00
# Visual Studio 15
Project("{FAE04EC0-301F-11D3-BF4B-00C04F79EFBC}") = "ARVirtualButton", "ARVirtualButton.csproj", "{38626C39-B2B4-ACAE-89C3-FB51A6A6CAF1}"
EndProject
Project("{FAE04EC0-301F-11D3-BF4B-00C04F79EFBC}") = "ARVirtualButton.Editor", "ARVirtualButton.Editor.csproj", "{5FDDF255-A5B7-5CAC-4019-DE8164F69158}"
EndProject
Global
	GlobalSection(SolutionConfigurationPlatforms) = preSolution
		Debug|Any CPU = Debug|Any CPU
		Release|Any CPU = Release|Any CPU
	EndGlobalSection
	GlobalSection(ProjectConfigurationPlatforms) = postSolution
		{38626C39-B2B4-ACAE-89C3-FB51A6A6CAF1}.Debug|Any CPU.ActiveCfg = Debug|Any CPU
		{38626C39-B2B4-ACAE-89C3-FB51A6A6CAF1}.Debug|Any CPU.Build.0 = Debug|Any CPU
		{38626C39-B2B4-ACAE-89C3-FB51A6A6CAF1}.Release|Any CPU.ActiveCfg = Release|Any CPU
		{38626C39-B2B4-ACAE-89C3-FB51A6A6CAF1}.Release|Any CPU.Build.0 = Release|Any CPU
		{5FDDF255-A5B7-5CAC-4019-DE8164F69158}.Debug|Any CPU.ActiveCfg = Debug|Any CPU
		{5FDDF255-A5B7-5CAC-4019-DE8164F69158}.Debug|Any CPU.Build.0 = Debug|Any CPU
		{5FDDF255-A5B7-5CAC-4019-DE8164F69158}.Release|Any CPU.ActiveCfg = Release|Any CPU
		{5FDDF255-A5B7-5CAC-4019-DE8164F69158}.Release|Any CPU.Build.0 = Release|Any CPU
	EndGlobalSection
	GlobalSection(SolutionProperties) = preSolution
		HideSolutionNode = FALSE
	EndGlobalSection
EndGlobal
