
Microsoft Visual Studio Solution File, Format Version 12.00
# Visual Studio 15
Project("{FAE04EC0-301F-11D3-BF4B-00C04F79EFBC}") = "ARGreetingCard", "ARGreetingCard.csproj", "{7E4A7F8E-1C72-7474-0324-910289F6B462}"
EndProject
Project("{FAE04EC0-301F-11D3-BF4B-00C04F79EFBC}") = "ARGreetingCard.Editor", "ARGreetingCard.Editor.csproj", "{524BDB62-A3DE-6244-F67B-EA4CA6E97954}"
EndProject
Global
	GlobalSection(SolutionConfigurationPlatforms) = preSolution
		Debug|Any CPU = Debug|Any CPU
		Release|Any CPU = Release|Any CPU
	EndGlobalSection
	GlobalSection(ProjectConfigurationPlatforms) = postSolution
		{7E4A7F8E-1C72-7474-0324-910289F6B462}.Debug|Any CPU.ActiveCfg = Debug|Any CPU
		{7E4A7F8E-1C72-7474-0324-910289F6B462}.Debug|Any CPU.Build.0 = Debug|Any CPU
		{7E4A7F8E-1C72-7474-0324-910289F6B462}.Release|Any CPU.ActiveCfg = Release|Any CPU
		{7E4A7F8E-1C72-7474-0324-910289F6B462}.Release|Any CPU.Build.0 = Release|Any CPU
		{524BDB62-A3DE-6244-F67B-EA4CA6E97954}.Debug|Any CPU.ActiveCfg = Debug|Any CPU
		{524BDB62-A3DE-6244-F67B-EA4CA6E97954}.Debug|Any CPU.Build.0 = Debug|Any CPU
		{524BDB62-A3DE-6244-F67B-EA4CA6E97954}.Release|Any CPU.ActiveCfg = Release|Any CPU
		{524BDB62-A3DE-6244-F67B-EA4CA6E97954}.Release|Any CPU.Build.0 = Release|Any CPU
	EndGlobalSection
	GlobalSection(SolutionProperties) = preSolution
		HideSolutionNode = FALSE
	EndGlobalSection
EndGlobal
